// !$*UTF8*$!
{
	archiveVersion = 1;
	classes = {
	};
	objectVersion = 56;
	objects = {

/* Begin PBXBuildFile section */
		A7437C932BCA94CF00D5183C /* StageKeeperApp.swift in Sources */ = {isa = PBXBuildFile; fileRef = A7437C922BCA94CF00D5183C /* StageKeeperApp.swift */; };
		A7437C972BCA94D000D5183C /* Assets.xcassets in Resources */ = {isa = PBXBuildFile; fileRef = A7437C962BCA94D000D5183C /* Assets.xcassets */; };
		A7437C9A2BCA94D000D5183C /* Preview Assets.xcassets in Resources */ = {isa = PBXBuildFile; fileRef = A7437C992BCA94D000D5183C /* Preview Assets.xcassets */; };
		A7437CAC2BCA971D00D5183C /* HomeView.swift in Sources */ = {isa = PBXBuildFile; fileRef = A7437CAB2BCA971D00D5183C /* HomeView.swift */; };
		A7437CB52BCA9C4400D5183C /* SideMenuView.swift in Sources */ = {isa = PBXBuildFile; fileRef = A7437CB42BCA9C4400D5183C /* SideMenuView.swift */; };
		A7437CB72BCBC07600D5183C /* AppBar.swift in Sources */ = {isa = PBXBuildFile; fileRef = A7437CB62BCBC07600D5183C /* AppBar.swift */; };
		A7437CBE2BCBC99900D5183C /* HomeSideMenuRowType.swift in Sources */ = {isa = PBXBuildFile; fileRef = A7437CBD2BCBC99900D5183C /* HomeSideMenuRowType.swift */; };
		A7437CC02BCBCC0300D5183C /* SideMenuRowView.swift in Sources */ = {isa = PBXBuildFile; fileRef = A7437CBF2BCBCC0300D5183C /* SideMenuRowView.swift */; };
		A7437CC22BCBD4EF00D5183C /* HomeSideMenuView.swift in Sources */ = {isa = PBXBuildFile; fileRef = A7437CC12BCBD4EF00D5183C /* HomeSideMenuView.swift */; };
		A7437CC52BCBE7BF00D5183C /* BigCircleIconButton.swift in Sources */ = {isa = PBXBuildFile; fileRef = A7437CC42BCBE7BF00D5183C /* BigCircleIconButton.swift */; };
		A7437CC82BCBEA3800D5183C /* TabBarView.swift in Sources */ = {isa = PBXBuildFile; fileRef = A7437CC72BCBEA3800D5183C /* TabBarView.swift */; };
		A7437CCA2BCBEA4700D5183C /* TabBarViewButton.swift in Sources */ = {isa = PBXBuildFile; fileRef = A7437CC92BCBEA4700D5183C /* TabBarViewButton.swift */; };
		A7437CCD2BCBF3C300D5183C /* HomeTabBarOptionType.swift in Sources */ = {isa = PBXBuildFile; fileRef = A7437CCC2BCBF3C300D5183C /* HomeTabBarOptionType.swift */; };
		A7437CD02BCC49D800D5183C /* BorderDiagonalShadowContainer.swift in Sources */ = {isa = PBXBuildFile; fileRef = A7437CCF2BCC49D800D5183C /* BorderDiagonalShadowContainer.swift */; };
		A7437CD22BCC4B6300D5183C /* WideCapsuleButton.swift in Sources */ = {isa = PBXBuildFile; fileRef = A7437CD12BCC4B6300D5183C /* WideCapsuleButton.swift */; };
		A7437CD42BCC512A00D5183C /* SetlistsViewModel.swift in Sources */ = {isa = PBXBuildFile; fileRef = A7437CD32BCC512A00D5183C /* SetlistsViewModel.swift */; };
		A7437CD72BCC532A00D5183C /* MockSetlists.swift in Sources */ = {isa = PBXBuildFile; fileRef = A7437CD62BCC532A00D5183C /* MockSetlists.swift */; };
		A7437CDA2BCC534D00D5183C /* Setlist.swift in Sources */ = {isa = PBXBuildFile; fileRef = A7437CD92BCC534D00D5183C /* Setlist.swift */; };
		A7437CDC2BCC535F00D5183C /* Song.swift in Sources */ = {isa = PBXBuildFile; fileRef = A7437CDB2BCC535F00D5183C /* Song.swift */; };
		A7437CDE2BCC536D00D5183C /* SongEnergy.swift in Sources */ = {isa = PBXBuildFile; fileRef = A7437CDD2BCC536D00D5183C /* SongEnergy.swift */; };
		A7437CE02BCC537800D5183C /* Instrument.swift in Sources */ = {isa = PBXBuildFile; fileRef = A7437CDF2BCC537800D5183C /* Instrument.swift */; };
		A7437CE22BCC54E600D5183C /* HomeItemCardView.swift in Sources */ = {isa = PBXBuildFile; fileRef = A7437CE12BCC54E600D5183C /* HomeItemCardView.swift */; };
		A7437CE42BCC563A00D5183C /* String.swift in Sources */ = {isa = PBXBuildFile; fileRef = A7437CE32BCC563A00D5183C /* String.swift */; };
		A7437CE62BCC568900D5183C /* Int.swift in Sources */ = {isa = PBXBuildFile; fileRef = A7437CE52BCC568900D5183C /* Int.swift */; };
		A7437CE82BCC640700D5183C /* SongsViewModel.swift in Sources */ = {isa = PBXBuildFile; fileRef = A7437CE72BCC640700D5183C /* SongsViewModel.swift */; };
		A7437CED2BCC6F3400D5183C /* SetlistDetailsView.swift in Sources */ = {isa = PBXBuildFile; fileRef = A7437CEC2BCC6F3400D5183C /* SetlistDetailsView.swift */; };
		A7437CF02BCC734700D5183C /* SectionTitle.swift in Sources */ = {isa = PBXBuildFile; fileRef = A7437CEF2BCC734700D5183C /* SectionTitle.swift */; };
		A7437CF22BCC742800D5183C /* SmallRectangleButton.swift in Sources */ = {isa = PBXBuildFile; fileRef = A7437CF12BCC742800D5183C /* SmallRectangleButton.swift */; };
		A7437CF42BCC75F100D5183C /* SongCardView.swift in Sources */ = {isa = PBXBuildFile; fileRef = A7437CF32BCC75F100D5183C /* SongCardView.swift */; };
		A7437CF62BCC767300D5183C /* InstrumentLettersView.swift in Sources */ = {isa = PBXBuildFile; fileRef = A7437CF52BCC767300D5183C /* InstrumentLettersView.swift */; };
		A7437CF82BCC772500D5183C /* StatView.swift in Sources */ = {isa = PBXBuildFile; fileRef = A7437CF72BCC772500D5183C /* StatView.swift */; };
		A7437CFD2BCC807C00D5183C /* SongDetailsView.swift in Sources */ = {isa = PBXBuildFile; fileRef = A7437CFC2BCC807C00D5183C /* SongDetailsView.swift */; };
		A7437D012BCD110400D5183C /* IconCircle.swift in Sources */ = {isa = PBXBuildFile; fileRef = A7437D002BCD110400D5183C /* IconCircle.swift */; };
		A7437D032BCD15E900D5183C /* AppBarIconButtonView.swift in Sources */ = {isa = PBXBuildFile; fileRef = A7437D022BCD15E900D5183C /* AppBarIconButtonView.swift */; };
/* End PBXBuildFile section */

/* Begin PBXFileReference section */
		A7437C8F2BCA94CF00D5183C /* StageKeeper.app */ = {isa = PBXFileReference; explicitFileType = wrapper.application; includeInIndex = 0; path = StageKeeper.app; sourceTree = BUILT_PRODUCTS_DIR; };
		A7437C922BCA94CF00D5183C /* StageKeeperApp.swift */ = {isa = PBXFileReference; lastKnownFileType = sourcecode.swift; path = StageKeeperApp.swift; sourceTree = "<group>"; };
		A7437C962BCA94D000D5183C /* Assets.xcassets */ = {isa = PBXFileReference; lastKnownFileType = folder.assetcatalog; path = Assets.xcassets; sourceTree = "<group>"; };
		A7437C992BCA94D000D5183C /* Preview Assets.xcassets */ = {isa = PBXFileReference; lastKnownFileType = folder.assetcatalog; path = "Preview Assets.xcassets"; sourceTree = "<group>"; };
		A7437CAB2BCA971D00D5183C /* HomeView.swift */ = {isa = PBXFileReference; lastKnownFileType = sourcecode.swift; path = HomeView.swift; sourceTree = "<group>"; };
		A7437CB42BCA9C4400D5183C /* SideMenuView.swift */ = {isa = PBXFileReference; lastKnownFileType = sourcecode.swift; path = SideMenuView.swift; sourceTree = "<group>"; };
		A7437CB62BCBC07600D5183C /* AppBar.swift */ = {isa = PBXFileReference; lastKnownFileType = sourcecode.swift; path = AppBar.swift; sourceTree = "<group>"; };
		A7437CBD2BCBC99900D5183C /* HomeSideMenuRowType.swift */ = {isa = PBXFileReference; lastKnownFileType = sourcecode.swift; path = HomeSideMenuRowType.swift; sourceTree = "<group>"; };
		A7437CBF2BCBCC0300D5183C /* SideMenuRowView.swift */ = {isa = PBXFileReference; lastKnownFileType = sourcecode.swift; path = SideMenuRowView.swift; sourceTree = "<group>"; };
		A7437CC12BCBD4EF00D5183C /* HomeSideMenuView.swift */ = {isa = PBXFileReference; lastKnownFileType = sourcecode.swift; path = HomeSideMenuView.swift; sourceTree = "<group>"; };
		A7437CC42BCBE7BF00D5183C /* BigCircleIconButton.swift */ = {isa = PBXFileReference; lastKnownFileType = sourcecode.swift; path = BigCircleIconButton.swift; sourceTree = "<group>"; };
		A7437CC72BCBEA3800D5183C /* TabBarView.swift */ = {isa = PBXFileReference; lastKnownFileType = sourcecode.swift; path = TabBarView.swift; sourceTree = "<group>"; };
		A7437CC92BCBEA4700D5183C /* TabBarViewButton.swift */ = {isa = PBXFileReference; lastKnownFileType = sourcecode.swift; path = TabBarViewButton.swift; sourceTree = "<group>"; };
		A7437CCC2BCBF3C300D5183C /* HomeTabBarOptionType.swift */ = {isa = PBXFileReference; lastKnownFileType = sourcecode.swift; path = HomeTabBarOptionType.swift; sourceTree = "<group>"; };
		A7437CCF2BCC49D800D5183C /* BorderDiagonalShadowContainer.swift */ = {isa = PBXFileReference; lastKnownFileType = sourcecode.swift; path = BorderDiagonalShadowContainer.swift; sourceTree = "<group>"; };
		A7437CD12BCC4B6300D5183C /* WideCapsuleButton.swift */ = {isa = PBXFileReference; lastKnownFileType = sourcecode.swift; path = WideCapsuleButton.swift; sourceTree = "<group>"; };
		A7437CD32BCC512A00D5183C /* SetlistsViewModel.swift */ = {isa = PBXFileReference; lastKnownFileType = sourcecode.swift; path = SetlistsViewModel.swift; sourceTree = "<group>"; };
		A7437CD62BCC532A00D5183C /* MockSetlists.swift */ = {isa = PBXFileReference; lastKnownFileType = sourcecode.swift; path = MockSetlists.swift; sourceTree = "<group>"; };
		A7437CD92BCC534D00D5183C /* Setlist.swift */ = {isa = PBXFileReference; lastKnownFileType = sourcecode.swift; path = Setlist.swift; sourceTree = "<group>"; };
		A7437CDB2BCC535F00D5183C /* Song.swift */ = {isa = PBXFileReference; lastKnownFileType = sourcecode.swift; path = Song.swift; sourceTree = "<group>"; };
		A7437CDD2BCC536D00D5183C /* SongEnergy.swift */ = {isa = PBXFileReference; lastKnownFileType = sourcecode.swift; path = SongEnergy.swift; sourceTree = "<group>"; };
		A7437CDF2BCC537800D5183C /* Instrument.swift */ = {isa = PBXFileReference; lastKnownFileType = sourcecode.swift; path = Instrument.swift; sourceTree = "<group>"; };
		A7437CE12BCC54E600D5183C /* HomeItemCardView.swift */ = {isa = PBXFileReference; lastKnownFileType = sourcecode.swift; path = HomeItemCardView.swift; sourceTree = "<group>"; };
		A7437CE32BCC563A00D5183C /* String.swift */ = {isa = PBXFileReference; lastKnownFileType = sourcecode.swift; path = String.swift; sourceTree = "<group>"; };
		A7437CE52BCC568900D5183C /* Int.swift */ = {isa = PBXFileReference; lastKnownFileType = sourcecode.swift; path = Int.swift; sourceTree = "<group>"; };
		A7437CE72BCC640700D5183C /* SongsViewModel.swift */ = {isa = PBXFileReference; lastKnownFileType = sourcecode.swift; path = SongsViewModel.swift; sourceTree = "<group>"; };
		A7437CEC2BCC6F3400D5183C /* SetlistDetailsView.swift */ = {isa = PBXFileReference; lastKnownFileType = sourcecode.swift; path = SetlistDetailsView.swift; sourceTree = "<group>"; };
		A7437CEF2BCC734700D5183C /* SectionTitle.swift */ = {isa = PBXFileReference; lastKnownFileType = sourcecode.swift; path = SectionTitle.swift; sourceTree = "<group>"; };
		A7437CF12BCC742800D5183C /* SmallRectangleButton.swift */ = {isa = PBXFileReference; lastKnownFileType = sourcecode.swift; path = SmallRectangleButton.swift; sourceTree = "<group>"; };
		A7437CF32BCC75F100D5183C /* SongCardView.swift */ = {isa = PBXFileReference; lastKnownFileType = sourcecode.swift; path = SongCardView.swift; sourceTree = "<group>"; };
		A7437CF52BCC767300D5183C /* InstrumentLettersView.swift */ = {isa = PBXFileReference; lastKnownFileType = sourcecode.swift; path = InstrumentLettersView.swift; sourceTree = "<group>"; };
		A7437CF72BCC772500D5183C /* StatView.swift */ = {isa = PBXFileReference; lastKnownFileType = sourcecode.swift; path = StatView.swift; sourceTree = "<group>"; };
		A7437CFC2BCC807C00D5183C /* SongDetailsView.swift */ = {isa = PBXFileReference; lastKnownFileType = sourcecode.swift; path = SongDetailsView.swift; sourceTree = "<group>"; };
		A7437D002BCD110400D5183C /* IconCircle.swift */ = {isa = PBXFileReference; lastKnownFileType = sourcecode.swift; path = IconCircle.swift; sourceTree = "<group>"; };
		A7437D022BCD15E900D5183C /* AppBarIconButtonView.swift */ = {isa = PBXFileReference; lastKnownFileType = sourcecode.swift; path = AppBarIconButtonView.swift; sourceTree = "<group>"; };
/* End PBXFileReference section */

/* Begin PBXFrameworksBuildPhase section */
		A7437C8C2BCA94CF00D5183C /* Frameworks */ = {
			isa = PBXFrameworksBuildPhase;
			buildActionMask = 2147483647;
			files = (
			);
			runOnlyForDeploymentPostprocessing = 0;
		};
/* End PBXFrameworksBuildPhase section */

/* Begin PBXGroup section */
		A7437C862BCA94CF00D5183C = {
			isa = PBXGroup;
			children = (
				A7437C912BCA94CF00D5183C /* StageKeeper */,
				A7437C902BCA94CF00D5183C /* Products */,
			);
			sourceTree = "<group>";
		};
		A7437C902BCA94CF00D5183C /* Products */ = {
			isa = PBXGroup;
			children = (
				A7437C8F2BCA94CF00D5183C /* StageKeeper.app */,
			);
			name = Products;
			sourceTree = "<group>";
		};
		A7437C912BCA94CF00D5183C /* StageKeeper */ = {
			isa = PBXGroup;
			children = (
				A7437CD82BCC534400D5183C /* Models */,
				A7437CD52BCC532200D5183C /* Data */,
				A7437CB32BCA9C3400D5183C /* UI */,
				A7437CAE2BCA98AC00D5183C /* Extensions */,
				A7437CA12BCA96AF00D5183C /* Core */,
				A7437CA02BCA96A700D5183C /* App */,
				A7437C962BCA94D000D5183C /* Assets.xcassets */,
				A7437C982BCA94D000D5183C /* Preview Content */,
			);
			path = StageKeeper;
			sourceTree = "<group>";
		};
		A7437C982BCA94D000D5183C /* Preview Content */ = {
			isa = PBXGroup;
			children = (
				A7437C992BCA94D000D5183C /* Preview Assets.xcassets */,
			);
			path = "Preview Content";
			sourceTree = "<group>";
		};
		A7437CA02BCA96A700D5183C /* App */ = {
			isa = PBXGroup;
			children = (
				A7437C922BCA94CF00D5183C /* StageKeeperApp.swift */,
			);
			path = App;
			sourceTree = "<group>";
		};
		A7437CA12BCA96AF00D5183C /* Core */ = {
			isa = PBXGroup;
			children = (
				A7437CF92BCC806300D5183C /* ViewSong */,
				A7437CAA2BCA970A00D5183C /* ViewSetlist */,
				A7437CA92BCA96F600D5183C /* MyBandmates */,
				A7437CA82BCA96E100D5183C /* Perform */,
				A7437CA62BCA96C700D5183C /* CreateSong */,
				A7437CA52BCA96C100D5183C /* CreateSetlist */,
				A7437CA22BCA96B300D5183C /* Home */,
			);
			path = Core;
			sourceTree = "<group>";
		};
		A7437CA22BCA96B300D5183C /* Home */ = {
			isa = PBXGroup;
			children = (
				A7437CCB2BCBF3B600D5183C /* TabBar */,
				A7437CBC2BCBC98700D5183C /* HomeSideMenu */,
				A7437CA42BCA96BA00D5183C /* ViewModels */,
				A7437CA32BCA96B700D5183C /* Views */,
			);
			path = Home;
			sourceTree = "<group>";
		};
		A7437CA32BCA96B700D5183C /* Views */ = {
			isa = PBXGroup;
			children = (
				A7437CAB2BCA971D00D5183C /* HomeView.swift */,
				A7437CE12BCC54E600D5183C /* HomeItemCardView.swift */,
				A7437CF52BCC767300D5183C /* InstrumentLettersView.swift */,
				A7437CF72BCC772500D5183C /* StatView.swift */,
			);
			path = Views;
			sourceTree = "<group>";
		};
		A7437CA42BCA96BA00D5183C /* ViewModels */ = {
			isa = PBXGroup;
			children = (
				A7437CD32BCC512A00D5183C /* SetlistsViewModel.swift */,
				A7437CE72BCC640700D5183C /* SongsViewModel.swift */,
			);
			path = ViewModels;
			sourceTree = "<group>";
		};
		A7437CA52BCA96C100D5183C /* CreateSetlist */ = {
			isa = PBXGroup;
			children = (
			);
			path = CreateSetlist;
			sourceTree = "<group>";
		};
		A7437CA62BCA96C700D5183C /* CreateSong */ = {
			isa = PBXGroup;
			children = (
			);
			path = CreateSong;
			sourceTree = "<group>";
		};
		A7437CA82BCA96E100D5183C /* Perform */ = {
			isa = PBXGroup;
			children = (
			);
			path = Perform;
			sourceTree = "<group>";
		};
		A7437CA92BCA96F600D5183C /* MyBandmates */ = {
			isa = PBXGroup;
			children = (
			);
			path = MyBandmates;
			sourceTree = "<group>";
		};
		A7437CAA2BCA970A00D5183C /* ViewSetlist */ = {
			isa = PBXGroup;
			children = (
				A7437CE92BCC6F1700D5183C /* Views */,
			);
			path = ViewSetlist;
			sourceTree = "<group>";
		};
		A7437CAE2BCA98AC00D5183C /* Extensions */ = {
			isa = PBXGroup;
			children = (
				A7437CE32BCC563A00D5183C /* String.swift */,
				A7437CE52BCC568900D5183C /* Int.swift */,
			);
			path = Extensions;
			sourceTree = "<group>";
		};
		A7437CB32BCA9C3400D5183C /* UI */ = {
			isa = PBXGroup;
			children = (
				A7437CEE2BCC733B00D5183C /* Other */,
				A7437CCE2BCC49CD00D5183C /* Containers */,
				A7437CC62BCBEA2900D5183C /* TabBar */,
				A7437CC32BCBE7B100D5183C /* Buttons */,
				A7437CB92BCBC44200D5183C /* SideMenu */,
				A7437CB82BCBC43900D5183C /* AppBar */,
			);
			path = UI;
			sourceTree = "<group>";
		};
		A7437CB82BCBC43900D5183C /* AppBar */ = {
			isa = PBXGroup;
			children = (
				A7437CB62BCBC07600D5183C /* AppBar.swift */,
				A7437D022BCD15E900D5183C /* AppBarIconButtonView.swift */,
			);
			path = AppBar;
			sourceTree = "<group>";
		};
		A7437CB92BCBC44200D5183C /* SideMenu */ = {
			isa = PBXGroup;
			children = (
				A7437CB42BCA9C4400D5183C /* SideMenuView.swift */,
				A7437CBF2BCBCC0300D5183C /* SideMenuRowView.swift */,
			);
			path = SideMenu;
			sourceTree = "<group>";
		};
		A7437CBC2BCBC98700D5183C /* HomeSideMenu */ = {
			isa = PBXGroup;
			children = (
				A7437CBD2BCBC99900D5183C /* HomeSideMenuRowType.swift */,
				A7437CC12BCBD4EF00D5183C /* HomeSideMenuView.swift */,
			);
			path = HomeSideMenu;
			sourceTree = "<group>";
		};
		A7437CC32BCBE7B100D5183C /* Buttons */ = {
			isa = PBXGroup;
			children = (
				A7437CC42BCBE7BF00D5183C /* BigCircleIconButton.swift */,
				A7437CD12BCC4B6300D5183C /* WideCapsuleButton.swift */,
				A7437CF12BCC742800D5183C /* SmallRectangleButton.swift */,
			);
			path = Buttons;
			sourceTree = "<group>";
		};
		A7437CC62BCBEA2900D5183C /* TabBar */ = {
			isa = PBXGroup;
			children = (
				A7437CC72BCBEA3800D5183C /* TabBarView.swift */,
				A7437CC92BCBEA4700D5183C /* TabBarViewButton.swift */,
			);
			path = TabBar;
			sourceTree = "<group>";
		};
		A7437CCB2BCBF3B600D5183C /* TabBar */ = {
			isa = PBXGroup;
			children = (
				A7437CCC2BCBF3C300D5183C /* HomeTabBarOptionType.swift */,
			);
			path = TabBar;
			sourceTree = "<group>";
		};
		A7437CCE2BCC49CD00D5183C /* Containers */ = {
			isa = PBXGroup;
			children = (
				A7437CCF2BCC49D800D5183C /* BorderDiagonalShadowContainer.swift */,
			);
			path = Containers;
			sourceTree = "<group>";
		};
		A7437CD52BCC532200D5183C /* Data */ = {
			isa = PBXGroup;
			children = (
				A7437CD62BCC532A00D5183C /* MockSetlists.swift */,
			);
			path = Data;
			sourceTree = "<group>";
		};
		A7437CD82BCC534400D5183C /* Models */ = {
			isa = PBXGroup;
			children = (
				A7437CD92BCC534D00D5183C /* Setlist.swift */,
				A7437CDB2BCC535F00D5183C /* Song.swift */,
				A7437CDD2BCC536D00D5183C /* SongEnergy.swift */,
				A7437CDF2BCC537800D5183C /* Instrument.swift */,
			);
			path = Models;
			sourceTree = "<group>";
		};
		A7437CE92BCC6F1700D5183C /* Views */ = {
			isa = PBXGroup;
			children = (
				A7437CEC2BCC6F3400D5183C /* SetlistDetailsView.swift */,
				A7437CF32BCC75F100D5183C /* SongCardView.swift */,
			);
			path = Views;
			sourceTree = "<group>";
		};
		A7437CEE2BCC733B00D5183C /* Other */ = {
			isa = PBXGroup;
			children = (
				A7437CEF2BCC734700D5183C /* SectionTitle.swift */,
				A7437D002BCD110400D5183C /* IconCircle.swift */,
			);
			path = Other;
			sourceTree = "<group>";
		};
		A7437CF92BCC806300D5183C /* ViewSong */ = {
			isa = PBXGroup;
			children = (
				A7437CFA2BCC806A00D5183C /* Views */,
			);
			path = ViewSong;
			sourceTree = "<group>";
		};
		A7437CFA2BCC806A00D5183C /* Views */ = {
			isa = PBXGroup;
			children = (
				A7437CFC2BCC807C00D5183C /* SongDetailsView.swift */,
			);
			path = Views;
			sourceTree = "<group>";
		};
/* End PBXGroup section */

/* Begin PBXNativeTarget section */
		A7437C8E2BCA94CF00D5183C /* StageKeeper */ = {
			isa = PBXNativeTarget;
			buildConfigurationList = A7437C9D2BCA94D000D5183C /* Build configuration list for PBXNativeTarget "StageKeeper" */;
			buildPhases = (
				A7437C8B2BCA94CF00D5183C /* Sources */,
				A7437C8C2BCA94CF00D5183C /* Frameworks */,
				A7437C8D2BCA94CF00D5183C /* Resources */,
			);
			buildRules = (
			);
			dependencies = (
			);
			name = StageKeeper;
			productName = StageKeeper;
			productReference = A7437C8F2BCA94CF00D5183C /* StageKeeper.app */;
			productType = "com.apple.product-type.application";
		};
/* End PBXNativeTarget section */

/* Begin PBXProject section */
		A7437C872BCA94CF00D5183C /* Project object */ = {
			isa = PBXProject;
			attributes = {
				BuildIndependentTargetsInParallel = 1;
				LastSwiftUpdateCheck = 1530;
				LastUpgradeCheck = 1530;
				TargetAttributes = {
					A7437C8E2BCA94CF00D5183C = {
						CreatedOnToolsVersion = 15.3;
					};
				};
			};
			buildConfigurationList = A7437C8A2BCA94CF00D5183C /* Build configuration list for PBXProject "StageKeeper" */;
			compatibilityVersion = "Xcode 14.0";
			developmentRegion = en;
			hasScannedForEncodings = 0;
			knownRegions = (
				en,
				Base,
			);
			mainGroup = A7437C862BCA94CF00D5183C;
			productRefGroup = A7437C902BCA94CF00D5183C /* Products */;
			projectDirPath = "";
			projectRoot = "";
			targets = (
				A7437C8E2BCA94CF00D5183C /* StageKeeper */,
			);
		};
/* End PBXProject section */

/* Begin PBXResourcesBuildPhase section */
		A7437C8D2BCA94CF00D5183C /* Resources */ = {
			isa = PBXResourcesBuildPhase;
			buildActionMask = 2147483647;
			files = (
				A7437C9A2BCA94D000D5183C /* Preview Assets.xcassets in Resources */,
				A7437C972BCA94D000D5183C /* Assets.xcassets in Resources */,
			);
			runOnlyForDeploymentPostprocessing = 0;
		};
/* End PBXResourcesBuildPhase section */

/* Begin PBXSourcesBuildPhase section */
		A7437C8B2BCA94CF00D5183C /* Sources */ = {
			isa = PBXSourcesBuildPhase;
			buildActionMask = 2147483647;
			files = (
				A7437CE02BCC537800D5183C /* Instrument.swift in Sources */,
				A7437CDC2BCC535F00D5183C /* Song.swift in Sources */,
				A7437CD22BCC4B6300D5183C /* WideCapsuleButton.swift in Sources */,
				A7437CDA2BCC534D00D5183C /* Setlist.swift in Sources */,
				A7437CE22BCC54E600D5183C /* HomeItemCardView.swift in Sources */,
				A7437CAC2BCA971D00D5183C /* HomeView.swift in Sources */,
				A7437D012BCD110400D5183C /* IconCircle.swift in Sources */,
				A7437CD72BCC532A00D5183C /* MockSetlists.swift in Sources */,
				A7437CCD2BCBF3C300D5183C /* HomeTabBarOptionType.swift in Sources */,
				A7437CC52BCBE7BF00D5183C /* BigCircleIconButton.swift in Sources */,
				A7437CBE2BCBC99900D5183C /* HomeSideMenuRowType.swift in Sources */,
				A7437D032BCD15E900D5183C /* AppBarIconButtonView.swift in Sources */,
				A7437C932BCA94CF00D5183C /* StageKeeperApp.swift in Sources */,
				A7437CB52BCA9C4400D5183C /* SideMenuView.swift in Sources */,
				A7437CF82BCC772500D5183C /* StatView.swift in Sources */,
				A7437CE42BCC563A00D5183C /* String.swift in Sources */,
				A7437CF42BCC75F100D5183C /* SongCardView.swift in Sources */,
				A7437CED2BCC6F3400D5183C /* SetlistDetailsView.swift in Sources */,
				A7437CD02BCC49D800D5183C /* BorderDiagonalShadowContainer.swift in Sources */,
				A7437CC02BCBCC0300D5183C /* SideMenuRowView.swift in Sources */,
				A7437CF22BCC742800D5183C /* SmallRectangleButton.swift in Sources */,
				A7437CCA2BCBEA4700D5183C /* TabBarViewButton.swift in Sources */,
				A7437CB72BCBC07600D5183C /* AppBar.swift in Sources */,
				A7437CE62BCC568900D5183C /* Int.swift in Sources */,
				A7437CC82BCBEA3800D5183C /* TabBarView.swift in Sources */,
				A7437CD42BCC512A00D5183C /* SetlistsViewModel.swift in Sources */,
				A7437CF02BCC734700D5183C /* SectionTitle.swift in Sources */,
				A7437CE82BCC640700D5183C /* SongsViewModel.swift in Sources */,
				A7437CDE2BCC536D00D5183C /* SongEnergy.swift in Sources */,
				A7437CC22BCBD4EF00D5183C /* HomeSideMenuView.swift in Sources */,
				A7437CF62BCC767300D5183C /* InstrumentLettersView.swift in Sources */,
				A7437CFD2BCC807C00D5183C /* SongDetailsView.swift in Sources */,
			);
			runOnlyForDeploymentPostprocessing = 0;
		};
/* End PBXSourcesBuildPhase section */

/* Begin XCBuildConfiguration section */
		A7437C9B2BCA94D000D5183C /* Debug */ = {
			isa = XCBuildConfiguration;
			buildSettings = {
				ALWAYS_SEARCH_USER_PATHS = NO;
				ASSETCATALOG_COMPILER_GENERATE_SWIFT_ASSET_SYMBOL_EXTENSIONS = YES;
				CLANG_ANALYZER_NONNULL = YES;
				CLANG_ANALYZER_NUMBER_OBJECT_CONVERSION = YES_AGGRESSIVE;
				CLANG_CXX_LANGUAGE_STANDARD = "gnu++20";
				CLANG_ENABLE_MODULES = YES;
				CLANG_ENABLE_OBJC_ARC = YES;
				CLANG_ENABLE_OBJC_WEAK = YES;
				CLANG_WARN_BLOCK_CAPTURE_AUTORELEASING = YES;
				CLANG_WARN_BOOL_CONVERSION = YES;
				CLANG_WARN_COMMA = YES;
				CLANG_WARN_CONSTANT_CONVERSION = YES;
				CLANG_WARN_DEPRECATED_OBJC_IMPLEMENTATIONS = YES;
				CLANG_WARN_DIRECT_OBJC_ISA_USAGE = YES_ERROR;
				CLANG_WARN_DOCUMENTATION_COMMENTS = YES;
				CLANG_WARN_EMPTY_BODY = YES;
				CLANG_WARN_ENUM_CONVERSION = YES;
				CLANG_WARN_INFINITE_RECURSION = YES;
				CLANG_WARN_INT_CONVERSION = YES;
				CLANG_WARN_NON_LITERAL_NULL_CONVERSION = YES;
				CLANG_WARN_OBJC_IMPLICIT_RETAIN_SELF = YES;
				CLANG_WARN_OBJC_LITERAL_CONVERSION = YES;
				CLANG_WARN_OBJC_ROOT_CLASS = YES_ERROR;
				CLANG_WARN_QUOTED_INCLUDE_IN_FRAMEWORK_HEADER = YES;
				CLANG_WARN_RANGE_LOOP_ANALYSIS = YES;
				CLANG_WARN_STRICT_PROTOTYPES = YES;
				CLANG_WARN_SUSPICIOUS_MOVE = YES;
				CLANG_WARN_UNGUARDED_AVAILABILITY = YES_AGGRESSIVE;
				CLANG_WARN_UNREACHABLE_CODE = YES;
				CLANG_WARN__DUPLICATE_METHOD_MATCH = YES;
				COPY_PHASE_STRIP = NO;
				DEBUG_INFORMATION_FORMAT = dwarf;
				ENABLE_STRICT_OBJC_MSGSEND = YES;
				ENABLE_TESTABILITY = YES;
				ENABLE_USER_SCRIPT_SANDBOXING = YES;
				GCC_C_LANGUAGE_STANDARD = gnu17;
				GCC_DYNAMIC_NO_PIC = NO;
				GCC_NO_COMMON_BLOCKS = YES;
				GCC_OPTIMIZATION_LEVEL = 0;
				GCC_PREPROCESSOR_DEFINITIONS = (
					"DEBUG=1",
					"$(inherited)",
				);
				GCC_WARN_64_TO_32_BIT_CONVERSION = YES;
				GCC_WARN_ABOUT_RETURN_TYPE = YES_ERROR;
				GCC_WARN_UNDECLARED_SELECTOR = YES;
				GCC_WARN_UNINITIALIZED_AUTOS = YES_AGGRESSIVE;
				GCC_WARN_UNUSED_FUNCTION = YES;
				GCC_WARN_UNUSED_VARIABLE = YES;
				IPHONEOS_DEPLOYMENT_TARGET = 17.4;
				LOCALIZATION_PREFERS_STRING_CATALOGS = YES;
				MTL_ENABLE_DEBUG_INFO = INCLUDE_SOURCE;
				MTL_FAST_MATH = YES;
				ONLY_ACTIVE_ARCH = YES;
				SDKROOT = iphoneos;
				SWIFT_ACTIVE_COMPILATION_CONDITIONS = "DEBUG $(inherited)";
				SWIFT_OPTIMIZATION_LEVEL = "-Onone";
			};
			name = Debug;
		};
		A7437C9C2BCA94D000D5183C /* Release */ = {
			isa = XCBuildConfiguration;
			buildSettings = {
				ALWAYS_SEARCH_USER_PATHS = NO;
				ASSETCATALOG_COMPILER_GENERATE_SWIFT_ASSET_SYMBOL_EXTENSIONS = YES;
				CLANG_ANALYZER_NONNULL = YES;
				CLANG_ANALYZER_NUMBER_OBJECT_CONVERSION = YES_AGGRESSIVE;
				CLANG_CXX_LANGUAGE_STANDARD = "gnu++20";
				CLANG_ENABLE_MODULES = YES;
				CLANG_ENABLE_OBJC_ARC = YES;
				CLANG_ENABLE_OBJC_WEAK = YES;
				CLANG_WARN_BLOCK_CAPTURE_AUTORELEASING = YES;
				CLANG_WARN_BOOL_CONVERSION = YES;
				CLANG_WARN_COMMA = YES;
				CLANG_WARN_CONSTANT_CONVERSION = YES;
				CLANG_WARN_DEPRECATED_OBJC_IMPLEMENTATIONS = YES;
				CLANG_WARN_DIRECT_OBJC_ISA_USAGE = YES_ERROR;
				CLANG_WARN_DOCUMENTATION_COMMENTS = YES;
				CLANG_WARN_EMPTY_BODY = YES;
				CLANG_WARN_ENUM_CONVERSION = YES;
				CLANG_WARN_INFINITE_RECURSION = YES;
				CLANG_WARN_INT_CONVERSION = YES;
				CLANG_WARN_NON_LITERAL_NULL_CONVERSION = YES;
				CLANG_WARN_OBJC_IMPLICIT_RETAIN_SELF = YES;
				CLANG_WARN_OBJC_LITERAL_CONVERSION = YES;
				CLANG_WARN_OBJC_ROOT_CLASS = YES_ERROR;
				CLANG_WARN_QUOTED_INCLUDE_IN_FRAMEWORK_HEADER = YES;
				CLANG_WARN_RANGE_LOOP_ANALYSIS = YES;
				CLANG_WARN_STRICT_PROTOTYPES = YES;
				CLANG_WARN_SUSPICIOUS_MOVE = YES;
				CLANG_WARN_UNGUARDED_AVAILABILITY = YES_AGGRESSIVE;
				CLANG_WARN_UNREACHABLE_CODE = YES;
				CLANG_WARN__DUPLICATE_METHOD_MATCH = YES;
				COPY_PHASE_STRIP = NO;
				DEBUG_INFORMATION_FORMAT = "dwarf-with-dsym";
				ENABLE_NS_ASSERTIONS = NO;
				ENABLE_STRICT_OBJC_MSGSEND = YES;
				ENABLE_USER_SCRIPT_SANDBOXING = YES;
				GCC_C_LANGUAGE_STANDARD = gnu17;
				GCC_NO_COMMON_BLOCKS = YES;
				GCC_WARN_64_TO_32_BIT_CONVERSION = YES;
				GCC_WARN_ABOUT_RETURN_TYPE = YES_ERROR;
				GCC_WARN_UNDECLARED_SELECTOR = YES;
				GCC_WARN_UNINITIALIZED_AUTOS = YES_AGGRESSIVE;
				GCC_WARN_UNUSED_FUNCTION = YES;
				GCC_WARN_UNUSED_VARIABLE = YES;
				IPHONEOS_DEPLOYMENT_TARGET = 17.4;
				LOCALIZATION_PREFERS_STRING_CATALOGS = YES;
				MTL_ENABLE_DEBUG_INFO = NO;
				MTL_FAST_MATH = YES;
				SDKROOT = iphoneos;
				SWIFT_COMPILATION_MODE = wholemodule;
				VALIDATE_PRODUCT = YES;
			};
			name = Release;
		};
		A7437C9E2BCA94D000D5183C /* Debug */ = {
			isa = XCBuildConfiguration;
			buildSettings = {
				ASSETCATALOG_COMPILER_APPICON_NAME = AppIcon;
				ASSETCATALOG_COMPILER_GLOBAL_ACCENT_COLOR_NAME = AccentColor;
				CODE_SIGN_STYLE = Automatic;
				CURRENT_PROJECT_VERSION = 1;
				DEVELOPMENT_ASSET_PATHS = "\"StageKeeper/Preview Content\"";
				DEVELOPMENT_TEAM = U567PBZ4LV;
				ENABLE_PREVIEWS = YES;
				GENERATE_INFOPLIST_FILE = YES;
				INFOPLIST_KEY_UIApplicationSceneManifest_Generation = YES;
				INFOPLIST_KEY_UIApplicationSupportsIndirectInputEvents = YES;
				INFOPLIST_KEY_UILaunchScreen_Generation = YES;
				INFOPLIST_KEY_UISupportedInterfaceOrientations_iPad = "UIInterfaceOrientationPortrait UIInterfaceOrientationPortraitUpsideDown UIInterfaceOrientationLandscapeLeft UIInterfaceOrientationLandscapeRight";
				INFOPLIST_KEY_UISupportedInterfaceOrientations_iPhone = "UIInterfaceOrientationPortrait UIInterfaceOrientationLandscapeLeft UIInterfaceOrientationLandscapeRight";
				LD_RUNPATH_SEARCH_PATHS = (
					"$(inherited)",
					"@executable_path/Frameworks",
				);
				MARKETING_VERSION = 1.0;
				PRODUCT_BUNDLE_IDENTIFIER = com.kmekarski.StageKeeper;
				PRODUCT_NAME = "$(TARGET_NAME)";
				SWIFT_EMIT_LOC_STRINGS = YES;
				SWIFT_VERSION = 5.0;
				TARGETED_DEVICE_FAMILY = "1,2";
			};
			name = Debug;
		};
		A7437C9F2BCA94D000D5183C /* Release */ = {
			isa = XCBuildConfiguration;
			buildSettings = {
				ASSETCATALOG_COMPILER_APPICON_NAME = AppIcon;
				ASSETCATALOG_COMPILER_GLOBAL_ACCENT_COLOR_NAME = AccentColor;
				CODE_SIGN_STYLE = Automatic;
				CURRENT_PROJECT_VERSION = 1;
				DEVELOPMENT_ASSET_PATHS = "\"StageKeeper/Preview Content\"";
				DEVELOPMENT_TEAM = U567PBZ4LV;
				ENABLE_PREVIEWS = YES;
				GENERATE_INFOPLIST_FILE = YES;
				INFOPLIST_KEY_UIApplicationSceneManifest_Generation = YES;
				INFOPLIST_KEY_UIApplicationSupportsIndirectInputEvents = YES;
				INFOPLIST_KEY_UILaunchScreen_Generation = YES;
				INFOPLIST_KEY_UISupportedInterfaceOrientations_iPad = "UIInterfaceOrientationPortrait UIInterfaceOrientationPortraitUpsideDown UIInterfaceOrientationLandscapeLeft UIInterfaceOrientationLandscapeRight";
				INFOPLIST_KEY_UISupportedInterfaceOrientations_iPhone = "UIInterfaceOrientationPortrait UIInterfaceOrientationLandscapeLeft UIInterfaceOrientationLandscapeRight";
				LD_RUNPATH_SEARCH_PATHS = (
					"$(inherited)",
					"@executable_path/Frameworks",
				);
				MARKETING_VERSION = 1.0;
				PRODUCT_BUNDLE_IDENTIFIER = com.kmekarski.StageKeeper;
				PRODUCT_NAME = "$(TARGET_NAME)";
				SWIFT_EMIT_LOC_STRINGS = YES;
				SWIFT_VERSION = 5.0;
				TARGETED_DEVICE_FAMILY = "1,2";
			};
			name = Release;
		};
/* End XCBuildConfiguration section */

/* Begin XCConfigurationList section */
		A7437C8A2BCA94CF00D5183C /* Build configuration list for PBXProject "StageKeeper" */ = {
			isa = XCConfigurationList;
			buildConfigurations = (
				A7437C9B2BCA94D000D5183C /* Debug */,
				A7437C9C2BCA94D000D5183C /* Release */,
			);
			defaultConfigurationIsVisible = 0;
			defaultConfigurationName = Release;
		};
		A7437C9D2BCA94D000D5183C /* Build configuration list for PBXNativeTarget "StageKeeper" */ = {
			isa = XCConfigurationList;
			buildConfigurations = (
				A7437C9E2BCA94D000D5183C /* Debug */,
				A7437C9F2BCA94D000D5183C /* Release */,
			);
			defaultConfigurationIsVisible = 0;
			defaultConfigurationName = Release;
		};
/* End XCConfigurationList section */
	};
	rootObject = A7437C872BCA94CF00D5183C /* Project object */;
}
