// !$*UTF8*$!
{
	archiveVersion = 1;
	classes = {
	};
	objectVersion = 56;
	objects = {

/* Begin PBXBuildFile section */
		A7437C932BCA94CF00D5183C /* StageKeeperApp.swift in Sources */ = {isa = PBXBuildFile; fileRef = A7437C922BCA94CF00D5183C /* StageKeeperApp.swift */; };
		A7437C972BCA94D000D5183C /* Assets.xcassets in Resources */ = {isa = PBXBuildFile; fileRef = A7437C962BCA94D000D5183C /* Assets.xcassets */; };
		A7437C9A2BCA94D000D5183C /* Preview Assets.xcassets in Resources */ = {isa = PBXBuildFile; fileRef = A7437C992BCA94D000D5183C /* Preview Assets.xcassets */; };
		A7437CAC2BCA971D00D5183C /* HomeView.swift in Sources */ = {isa = PBXBuildFile; fileRef = A7437CAB2BCA971D00D5183C /* HomeView.swift */; };
/* End PBXBuildFile section */

/* Begin PBXFileReference section */
		A7437C8F2BCA94CF00D5183C /* StageKeeper.app */ = {isa = PBXFileReference; explicitFileType = wrapper.application; includeInIndex = 0; path = StageKeeper.app; sourceTree = BUILT_PRODUCTS_DIR; };
		A7437C922BCA94CF00D5183C /* StageKeeperApp.swift */ = {isa = PBXFileReference; lastKnownFileType = sourcecode.swift; path = StageKeeperApp.swift; sourceTree = "<group>"; };
		A7437C962BCA94D000D5183C /* Assets.xcassets */ = {isa = PBXFileReference; lastKnownFileType = folder.assetcatalog; path = Assets.xcassets; sourceTree = "<group>"; };
		A7437C992BCA94D000D5183C /* Preview Assets.xcassets */ = {isa = PBXFileReference; lastKnownFileType = folder.assetcatalog; path = "Preview Assets.xcassets"; sourceTree = "<group>"; };
		A7437CAB2BCA971D00D5183C /* HomeView.swift */ = {isa = PBXFileReference; lastKnownFileType = sourcecode.swift; path = HomeView.swift; sourceTree = "<group>"; };
/* End PBXFileReference section */

/* Begin PBXFrameworksBuildPhase section */
		A7437C8C2BCA94CF00D5183C /* Frameworks */ = {
			isa = PBXFrameworksBuildPhase;
			buildActionMask = 2147483647;
			files = (
			);
			runOnlyForDeploymentPostprocessing = 0;
		};
/* End PBXFrameworksBuildPhase section */

/* Begin PBXGroup section */
		A7437C862BCA94CF00D5183C = {
			isa = PBXGroup;
			children = (
				A7437C912BCA94CF00D5183C /* StageKeeper */,
				A7437C902BCA94CF00D5183C /* Products */,
			);
			sourceTree = "<group>";
		};
		A7437C902BCA94CF00D5183C /* Products */ = {
			isa = PBXGroup;
			children = (
				A7437C8F2BCA94CF00D5183C /* StageKeeper.app */,
			);
			name = Products;
			sourceTree = "<group>";
		};
		A7437C912BCA94CF00D5183C /* StageKeeper */ = {
			isa = PBXGroup;
			children = (
				A7437CA12BCA96AF00D5183C /* Core */,
				A7437CA02BCA96A700D5183C /* App */,
				A7437C962BCA94D000D5183C /* Assets.xcassets */,
				A7437C982BCA94D000D5183C /* Preview Content */,
			);
			path = StageKeeper;
			sourceTree = "<group>";
		};
		A7437C982BCA94D000D5183C /* Preview Content */ = {
			isa = PBXGroup;
			children = (
				A7437C992BCA94D000D5183C /* Preview Assets.xcassets */,
			);
			path = "Preview Content";
			sourceTree = "<group>";
		};
		A7437CA02BCA96A700D5183C /* App */ = {
			isa = PBXGroup;
			children = (
				A7437C922BCA94CF00D5183C /* StageKeeperApp.swift */,
			);
			path = App;
			sourceTree = "<group>";
		};
		A7437CA12BCA96AF00D5183C /* Core */ = {
			isa = PBXGroup;
			children = (
				A7437CAA2BCA970A00D5183C /* ViewSetlist */,
				A7437CA92BCA96F600D5183C /* MyBandmates */,
				A7437CA82BCA96E100D5183C /* Perform */,
				A7437CA62BCA96C700D5183C /* CreateSong */,
				A7437CA52BCA96C100D5183C /* CreateSetlist */,
				A7437CA22BCA96B300D5183C /* Home */,
			);
			path = Core;
			sourceTree = "<group>";
		};
		A7437CA22BCA96B300D5183C /* Home */ = {
			isa = PBXGroup;
			children = (
				A7437CA42BCA96BA00D5183C /* ViewModels */,
				A7437CA32BCA96B700D5183C /* Views */,
			);
			path = Home;
			sourceTree = "<group>";
		};
		A7437CA32BCA96B700D5183C /* Views */ = {
			isa = PBXGroup;
			children = (
				A7437CAB2BCA971D00D5183C /* HomeView.swift */,
			);
			path = Views;
			sourceTree = "<group>";
		};
		A7437CA42BCA96BA00D5183C /* ViewModels */ = {
			isa = PBXGroup;
			children = (
			);
			path = ViewModels;
			sourceTree = "<group>";
		};
		A7437CA52BCA96C100D5183C /* CreateSetlist */ = {
			isa = PBXGroup;
			children = (
			);
			path = CreateSetlist;
			sourceTree = "<group>";
		};
		A7437CA62BCA96C700D5183C /* CreateSong */ = {
			isa = PBXGroup;
			children = (
			);
			path = CreateSong;
			sourceTree = "<group>";
		};
		A7437CA82BCA96E100D5183C /* Perform */ = {
			isa = PBXGroup;
			children = (
			);
			path = Perform;
			sourceTree = "<group>";
		};
		A7437CA92BCA96F600D5183C /* MyBandmates */ = {
			isa = PBXGroup;
			children = (
			);
			path = MyBandmates;
			sourceTree = "<group>";
		};
		A7437CAA2BCA970A00D5183C /* ViewSetlist */ = {
			isa = PBXGroup;
			children = (
			);
			path = ViewSetlist;
			sourceTree = "<group>";
		};
/* End PBXGroup section */

/* Begin PBXNativeTarget section */
		A7437C8E2BCA94CF00D5183C /* StageKeeper */ = {
			isa = PBXNativeTarget;
			buildConfigurationList = A7437C9D2BCA94D000D5183C /* Build configuration list for PBXNativeTarget "StageKeeper" */;
			buildPhases = (
				A7437C8B2BCA94CF00D5183C /* Sources */,
				A7437C8C2BCA94CF00D5183C /* Frameworks */,
				A7437C8D2BCA94CF00D5183C /* Resources */,
			);
			buildRules = (
			);
			dependencies = (
			);
			name = StageKeeper;
			productName = StageKeeper;
			productReference = A7437C8F2BCA94CF00D5183C /* StageKeeper.app */;
			productType = "com.apple.product-type.application";
		};
/* End PBXNativeTarget section */

/* Begin PBXProject section */
		A7437C872BCA94CF00D5183C /* Project object */ = {
			isa = PBXProject;
			attributes = {
				BuildIndependentTargetsInParallel = 1;
				LastSwiftUpdateCheck = 1530;
				LastUpgradeCheck = 1530;
				TargetAttributes = {
					A7437C8E2BCA94CF00D5183C = {
						CreatedOnToolsVersion = 15.3;
					};
				};
			};
			buildConfigurationList = A7437C8A2BCA94CF00D5183C /* Build configuration list for PBXProject "StageKeeper" */;
			compatibilityVersion = "Xcode 14.0";
			developmentRegion = en;
			hasScannedForEncodings = 0;
			knownRegions = (
				en,
				Base,
			);
			mainGroup = A7437C862BCA94CF00D5183C;
			productRefGroup = A7437C902BCA94CF00D5183C /* Products */;
			projectDirPath = "";
			projectRoot = "";
			targets = (
				A7437C8E2BCA94CF00D5183C /* StageKeeper */,
			);
		};
/* End PBXProject section */

/* Begin PBXResourcesBuildPhase section */
		A7437C8D2BCA94CF00D5183C /* Resources */ = {
			isa = PBXResourcesBuildPhase;
			buildActionMask = 2147483647;
			files = (
				A7437C9A2BCA94D000D5183C /* Preview Assets.xcassets in Resources */,
				A7437C972BCA94D000D5183C /* Assets.xcassets in Resources */,
			);
			runOnlyForDeploymentPostprocessing = 0;
		};
/* End PBXResourcesBuildPhase section */

/* Begin PBXSourcesBuildPhase section */
		A7437C8B2BCA94CF00D5183C /* Sources */ = {
			isa = PBXSourcesBuildPhase;
			buildActionMask = 2147483647;
			files = (
				A7437CAC2BCA971D00D5183C /* HomeView.swift in Sources */,
				A7437C932BCA94CF00D5183C /* StageKeeperApp.swift in Sources */,
			);
			runOnlyForDeploymentPostprocessing = 0;
		};
/* End PBXSourcesBuildPhase section */

/* Begin XCBuildConfiguration section */
		A7437C9B2BCA94D000D5183C /* Debug */ = {
			isa = XCBuildConfiguration;
			buildSettings = {
				ALWAYS_SEARCH_USER_PATHS = NO;
				ASSETCATALOG_COMPILER_GENERATE_SWIFT_ASSET_SYMBOL_EXTENSIONS = YES;
				CLANG_ANALYZER_NONNULL = YES;
				CLANG_ANALYZER_NUMBER_OBJECT_CONVERSION = YES_AGGRESSIVE;
				CLANG_CXX_LANGUAGE_STANDARD = "gnu++20";
				CLANG_ENABLE_MODULES = YES;
				CLANG_ENABLE_OBJC_ARC = YES;
				CLANG_ENABLE_OBJC_WEAK = YES;
				CLANG_WARN_BLOCK_CAPTURE_AUTORELEASING = YES;
				CLANG_WARN_BOOL_CONVERSION = YES;
				CLANG_WARN_COMMA = YES;
				CLANG_WARN_CONSTANT_CONVERSION = YES;
				CLANG_WARN_DEPRECATED_OBJC_IMPLEMENTATIONS = YES;
				CLANG_WARN_DIRECT_OBJC_ISA_USAGE = YES_ERROR;
				CLANG_WARN_DOCUMENTATION_COMMENTS = YES;
				CLANG_WARN_EMPTY_BODY = YES;
				CLANG_WARN_ENUM_CONVERSION = YES;
				CLANG_WARN_INFINITE_RECURSION = YES;
				CLANG_WARN_INT_CONVERSION = YES;
				CLANG_WARN_NON_LITERAL_NULL_CONVERSION = YES;
				CLANG_WARN_OBJC_IMPLICIT_RETAIN_SELF = YES;
				CLANG_WARN_OBJC_LITERAL_CONVERSION = YES;
				CLANG_WARN_OBJC_ROOT_CLASS = YES_ERROR;
				CLANG_WARN_QUOTED_INCLUDE_IN_FRAMEWORK_HEADER = YES;
				CLANG_WARN_RANGE_LOOP_ANALYSIS = YES;
				CLANG_WARN_STRICT_PROTOTYPES = YES;
				CLANG_WARN_SUSPICIOUS_MOVE = YES;
				CLANG_WARN_UNGUARDED_AVAILABILITY = YES_AGGRESSIVE;
				CLANG_WARN_UNREACHABLE_CODE = YES;
				CLANG_WARN__DUPLICATE_METHOD_MATCH = YES;
				COPY_PHASE_STRIP = NO;
				DEBUG_INFORMATION_FORMAT = dwarf;
				ENABLE_STRICT_OBJC_MSGSEND = YES;
				ENABLE_TESTABILITY = YES;
				ENABLE_USER_SCRIPT_SANDBOXING = YES;
				GCC_C_LANGUAGE_STANDARD = gnu17;
				GCC_DYNAMIC_NO_PIC = NO;
				GCC_NO_COMMON_BLOCKS = YES;
				GCC_OPTIMIZATION_LEVEL = 0;
				GCC_PREPROCESSOR_DEFINITIONS = (
					"DEBUG=1",
					"$(inherited)",
				);
				GCC_WARN_64_TO_32_BIT_CONVERSION = YES;
				GCC_WARN_ABOUT_RETURN_TYPE = YES_ERROR;
				GCC_WARN_UNDECLARED_SELECTOR = YES;
				GCC_WARN_UNINITIALIZED_AUTOS = YES_AGGRESSIVE;
				GCC_WARN_UNUSED_FUNCTION = YES;
				GCC_WARN_UNUSED_VARIABLE = YES;
				IPHONEOS_DEPLOYMENT_TARGET = 17.4;
				LOCALIZATION_PREFERS_STRING_CATALOGS = YES;
				MTL_ENABLE_DEBUG_INFO = INCLUDE_SOURCE;
				MTL_FAST_MATH = YES;
				ONLY_ACTIVE_ARCH = YES;
				SDKROOT = iphoneos;
				SWIFT_ACTIVE_COMPILATION_CONDITIONS = "DEBUG $(inherited)";
				SWIFT_OPTIMIZATION_LEVEL = "-Onone";
			};
			name = Debug;
		};
		A7437C9C2BCA94D000D5183C /* Release */ = {
			isa = XCBuildConfiguration;
			buildSettings = {
				ALWAYS_SEARCH_USER_PATHS = NO;
				ASSETCATALOG_COMPILER_GENERATE_SWIFT_ASSET_SYMBOL_EXTENSIONS = YES;
				CLANG_ANALYZER_NONNULL = YES;
				CLANG_ANALYZER_NUMBER_OBJECT_CONVERSION = YES_AGGRESSIVE;
				CLANG_CXX_LANGUAGE_STANDARD = "gnu++20";
				CLANG_ENABLE_MODULES = YES;
				CLANG_ENABLE_OBJC_ARC = YES;
				CLANG_ENABLE_OBJC_WEAK = YES;
				CLANG_WARN_BLOCK_CAPTURE_AUTORELEASING = YES;
				CLANG_WARN_BOOL_CONVERSION = YES;
				CLANG_WARN_COMMA = YES;
				CLANG_WARN_CONSTANT_CONVERSION = YES;
				CLANG_WARN_DEPRECATED_OBJC_IMPLEMENTATIONS = YES;
				CLANG_WARN_DIRECT_OBJC_ISA_USAGE = YES_ERROR;
				CLANG_WARN_DOCUMENTATION_COMMENTS = YES;
				CLANG_WARN_EMPTY_BODY = YES;
				CLANG_WARN_ENUM_CONVERSION = YES;
				CLANG_WARN_INFINITE_RECURSION = YES;
				CLANG_WARN_INT_CONVERSION = YES;
				CLANG_WARN_NON_LITERAL_NULL_CONVERSION = YES;
				CLANG_WARN_OBJC_IMPLICIT_RETAIN_SELF = YES;
				CLANG_WARN_OBJC_LITERAL_CONVERSION = YES;
				CLANG_WARN_OBJC_ROOT_CLASS = YES_ERROR;
				CLANG_WARN_QUOTED_INCLUDE_IN_FRAMEWORK_HEADER = YES;
				CLANG_WARN_RANGE_LOOP_ANALYSIS = YES;
				CLANG_WARN_STRICT_PROTOTYPES = YES;
				CLANG_WARN_SUSPICIOUS_MOVE = YES;
				CLANG_WARN_UNGUARDED_AVAILABILITY = YES_AGGRESSIVE;
				CLANG_WARN_UNREACHABLE_CODE = YES;
				CLANG_WARN__DUPLICATE_METHOD_MATCH = YES;
				COPY_PHASE_STRIP = NO;
				DEBUG_INFORMATION_FORMAT = "dwarf-with-dsym";
				ENABLE_NS_ASSERTIONS = NO;
				ENABLE_STRICT_OBJC_MSGSEND = YES;
				ENABLE_USER_SCRIPT_SANDBOXING = YES;
				GCC_C_LANGUAGE_STANDARD = gnu17;
				GCC_NO_COMMON_BLOCKS = YES;
				GCC_WARN_64_TO_32_BIT_CONVERSION = YES;
				GCC_WARN_ABOUT_RETURN_TYPE = YES_ERROR;
				GCC_WARN_UNDECLARED_SELECTOR = YES;
				GCC_WARN_UNINITIALIZED_AUTOS = YES_AGGRESSIVE;
				GCC_WARN_UNUSED_FUNCTION = YES;
				GCC_WARN_UNUSED_VARIABLE = YES;
				IPHONEOS_DEPLOYMENT_TARGET = 17.4;
				LOCALIZATION_PREFERS_STRING_CATALOGS = YES;
				MTL_ENABLE_DEBUG_INFO = NO;
				MTL_FAST_MATH = YES;
				SDKROOT = iphoneos;
				SWIFT_COMPILATION_MODE = wholemodule;
				VALIDATE_PRODUCT = YES;
			};
			name = Release;
		};
		A7437C9E2BCA94D000D5183C /* Debug */ = {
			isa = XCBuildConfiguration;
			buildSettings = {
				ASSETCATALOG_COMPILER_APPICON_NAME = AppIcon;
				ASSETCATALOG_COMPILER_GLOBAL_ACCENT_COLOR_NAME = AccentColor;
				CODE_SIGN_STYLE = Automatic;
				CURRENT_PROJECT_VERSION = 1;
				DEVELOPMENT_ASSET_PATHS = "\"StageKeeper/Preview Content\"";
				DEVELOPMENT_TEAM = U567PBZ4LV;
				ENABLE_PREVIEWS = YES;
				GENERATE_INFOPLIST_FILE = YES;
				INFOPLIST_KEY_UIApplicationSceneManifest_Generation = YES;
				INFOPLIST_KEY_UIApplicationSupportsIndirectInputEvents = YES;
				INFOPLIST_KEY_UILaunchScreen_Generation = YES;
				INFOPLIST_KEY_UISupportedInterfaceOrientations_iPad = "UIInterfaceOrientationPortrait UIInterfaceOrientationPortraitUpsideDown UIInterfaceOrientationLandscapeLeft UIInterfaceOrientationLandscapeRight";
				INFOPLIST_KEY_UISupportedInterfaceOrientations_iPhone = "UIInterfaceOrientationPortrait UIInterfaceOrientationLandscapeLeft UIInterfaceOrientationLandscapeRight";
				LD_RUNPATH_SEARCH_PATHS = (
					"$(inherited)",
					"@executable_path/Frameworks",
				);
				MARKETING_VERSION = 1.0;
				PRODUCT_BUNDLE_IDENTIFIER = com.kmekarski.StageKeeper;
				PRODUCT_NAME = "$(TARGET_NAME)";
				SWIFT_EMIT_LOC_STRINGS = YES;
				SWIFT_VERSION = 5.0;
				TARGETED_DEVICE_FAMILY = "1,2";
			};
			name = Debug;
		};
		A7437C9F2BCA94D000D5183C /* Release */ = {
			isa = XCBuildConfiguration;
			buildSettings = {
				ASSETCATALOG_COMPILER_APPICON_NAME = AppIcon;
				ASSETCATALOG_COMPILER_GLOBAL_ACCENT_COLOR_NAME = AccentColor;
				CODE_SIGN_STYLE = Automatic;
				CURRENT_PROJECT_VERSION = 1;
				DEVELOPMENT_ASSET_PATHS = "\"StageKeeper/Preview Content\"";
				DEVELOPMENT_TEAM = U567PBZ4LV;
				ENABLE_PREVIEWS = YES;
				GENERATE_INFOPLIST_FILE = YES;
				INFOPLIST_KEY_UIApplicationSceneManifest_Generation = YES;
				INFOPLIST_KEY_UIApplicationSupportsIndirectInputEvents = YES;
				INFOPLIST_KEY_UILaunchScreen_Generation = YES;
				INFOPLIST_KEY_UISupportedInterfaceOrientations_iPad = "UIInterfaceOrientationPortrait UIInterfaceOrientationPortraitUpsideDown UIInterfaceOrientationLandscapeLeft UIInterfaceOrientationLandscapeRight";
				INFOPLIST_KEY_UISupportedInterfaceOrientations_iPhone = "UIInterfaceOrientationPortrait UIInterfaceOrientationLandscapeLeft UIInterfaceOrientationLandscapeRight";
				LD_RUNPATH_SEARCH_PATHS = (
					"$(inherited)",
					"@executable_path/Frameworks",
				);
				MARKETING_VERSION = 1.0;
				PRODUCT_BUNDLE_IDENTIFIER = com.kmekarski.StageKeeper;
				PRODUCT_NAME = "$(TARGET_NAME)";
				SWIFT_EMIT_LOC_STRINGS = YES;
				SWIFT_VERSION = 5.0;
				TARGETED_DEVICE_FAMILY = "1,2";
			};
			name = Release;
		};
/* End XCBuildConfiguration section */

/* Begin XCConfigurationList section */
		A7437C8A2BCA94CF00D5183C /* Build configuration list for PBXProject "StageKeeper" */ = {
			isa = XCConfigurationList;
			buildConfigurations = (
				A7437C9B2BCA94D000D5183C /* Debug */,
				A7437C9C2BCA94D000D5183C /* Release */,
			);
			defaultConfigurationIsVisible = 0;
			defaultConfigurationName = Release;
		};
		A7437C9D2BCA94D000D5183C /* Build configuration list for PBXNativeTarget "StageKeeper" */ = {
			isa = XCConfigurationList;
			buildConfigurations = (
				A7437C9E2BCA94D000D5183C /* Debug */,
				A7437C9F2BCA94D000D5183C /* Release */,
			);
			defaultConfigurationIsVisible = 0;
			defaultConfigurationName = Release;
		};
/* End XCConfigurationList section */
	};
	rootObject = A7437C872BCA94CF00D5183C /* Project object */;
}
